
Microsoft Visual Studio Solution File, Format Version 12.00
# Visual Studio Version 16
VisualStudioVersion = 16.0.30225.117
MinimumVisualStudioVersion = 10.0.40219.1
Project("{FAE04EC0-301F-11D3-BF4B-00C04F79EFBC}") = "Confin", "Confin\Confin.csproj", "{AFC50105-575B-4BA1-826E-D4600F07DE92}"
EndProject
Global
	GlobalSection(SolutionConfigurationPlatforms) = preSolution
		Debug|Any CPU = Debug|Any CPU
		Release|Any CPU = Release|Any CPU
	EndGlobalSection
	GlobalSection(ProjectConfigurationPlatforms) = postSolution
		{AFC50105-575B-4BA1-826E-D4600F07DE92}.Debug|Any CPU.ActiveCfg = Debug|Any CPU
		{AFC50105-575B-4BA1-826E-D4600F07DE92}.Debug|Any CPU.Build.0 = Debug|Any CPU
		{AFC50105-575B-4BA1-826E-D4600F07DE92}.Release|Any CPU.ActiveCfg = Release|Any CPU
		{AFC50105-575B-4BA1-826E-D4600F07DE92}.Release|Any CPU.Build.0 = Release|Any CPU
	EndGlobalSection
	GlobalSection(SolutionProperties) = preSolution
		HideSolutionNode = FALSE
	EndGlobalSection
	GlobalSection(ExtensibilityGlobals) = postSolution
		SolutionGuid = {E856310A-E184-43A0-98F1-410814EEDAB8}
	EndGlobalSection
EndGlobal
